// !$*UTF8*$!
{
	archiveVersion = 1;
	classes = {
	};
	objectVersion = 56;
	objects = {

/* Begin PBXBuildFile section */
		7B909D452C256E0000BC77DB /* AppDelegate.swift in Sources */ = {isa = PBXBuildFile; fileRef = 7B909D442C256E0000BC77DB /* AppDelegate.swift */; };
		7B909D472C256E0000BC77DB /* SceneDelegate.swift in Sources */ = {isa = PBXBuildFile; fileRef = 7B909D462C256E0000BC77DB /* SceneDelegate.swift */; };
		7B909D492C256E0000BC77DB /* PetListView.swift in Sources */ = {isa = PBXBuildFile; fileRef = 7B909D482C256E0000BC77DB /* PetListView.swift */; };
		7B909D4C2C256E0000BC77DB /* Base in Resources */ = {isa = PBXBuildFile; fileRef = 7B909D4B2C256E0000BC77DB /* Base */; };
		7B909D4E2C256E0100BC77DB /* Assets.xcassets in Resources */ = {isa = PBXBuildFile; fileRef = 7B909D4D2C256E0100BC77DB /* Assets.xcassets */; };
		7B909D512C256E0100BC77DB /* Base in Resources */ = {isa = PBXBuildFile; fileRef = 7B909D502C256E0100BC77DB /* Base */; };
		7B909D5C2C256E0100BC77DB /* PetAppTests.swift in Sources */ = {isa = PBXBuildFile; fileRef = 7B909D5B2C256E0100BC77DB /* PetAppTests.swift */; };
		7B909D662C256E0100BC77DB /* PetAppUITests.swift in Sources */ = {isa = PBXBuildFile; fileRef = 7B909D652C256E0100BC77DB /* PetAppUITests.swift */; };
		7B909D682C256E0100BC77DB /* PetAppUITestsLaunchTests.swift in Sources */ = {isa = PBXBuildFile; fileRef = 7B909D672C256E0100BC77DB /* PetAppUITestsLaunchTests.swift */; };
		7B909D772C25868600BC77DB /* PetListTblCell.xib in Resources */ = {isa = PBXBuildFile; fileRef = 7B909D762C25868600BC77DB /* PetListTblCell.xib */; };
		7B909D782C25868600BC77DB /* PetListTblCell.swift in Sources */ = {isa = PBXBuildFile; fileRef = 7B909D752C25868600BC77DB /* PetListTblCell.swift */; };
		7B909D7B2C2597F600BC77DB /* BreedDetailVC.swift in Sources */ = {isa = PBXBuildFile; fileRef = 7B909D7A2C2597F600BC77DB /* BreedDetailVC.swift */; };
		7B909D7E2C25C41C00BC77DB /* BreedWiseTblViewCell.xib in Resources */ = {isa = PBXBuildFile; fileRef = 7B909D7D2C25C41C00BC77DB /* BreedWiseTblViewCell.xib */; };
		7B909D7F2C25C41C00BC77DB /* BreedWiseTblViewCell.swift in Sources */ = {isa = PBXBuildFile; fileRef = 7B909D7C2C25C41C00BC77DB /* BreedWiseTblViewCell.swift */; };
		7B909D812C26C51600BC77DB /* LikedPetsVC.swift in Sources */ = {isa = PBXBuildFile; fileRef = 7B909D802C26C51600BC77DB /* LikedPetsVC.swift */; };
		7B909D832C26C54B00BC77DB /* BaseVC.swift in Sources */ = {isa = PBXBuildFile; fileRef = 7B909D822C26C54B00BC77DB /* BaseVC.swift */; };
		7B909D872C27868B00BC77DB /* HttpUtils.swift in Sources */ = {isa = PBXBuildFile; fileRef = 7B909D862C27868A00BC77DB /* HttpUtils.swift */; };
		7B909D892C27935F00BC77DB /* BreedListModel.swift in Sources */ = {isa = PBXBuildFile; fileRef = 7B909D882C27935F00BC77DB /* BreedListModel.swift */; };
		7B909D8C2C28389800BC77DB /* ApiConstant.swift in Sources */ = {isa = PBXBuildFile; fileRef = 7B909D8B2C28389800BC77DB /* ApiConstant.swift */; };
		7B909D8E2C28437E00BC77DB /* PerticularBreedModel.swift in Sources */ = {isa = PBXBuildFile; fileRef = 7B909D8D2C28437E00BC77DB /* PerticularBreedModel.swift */; };
		7B909D902C2844F800BC77DB /* LikedModel.swift in Sources */ = {isa = PBXBuildFile; fileRef = 7B909D8F2C2844F800BC77DB /* LikedModel.swift */; };
		7B909D922C2845CD00BC77DB /* LikedPet.swift in Sources */ = {isa = PBXBuildFile; fileRef = 7B909D912C2845CD00BC77DB /* LikedPet.swift */; };
/* End PBXBuildFile section */

/* Begin PBXContainerItemProxy section */
		7B909D582C256E0100BC77DB /* PBXContainerItemProxy */ = {
			isa = PBXContainerItemProxy;
			containerPortal = 7B909D392C256E0000BC77DB /* Project object */;
			proxyType = 1;
			remoteGlobalIDString = 7B909D402C256E0000BC77DB;
			remoteInfo = PetApp;
		};
		7B909D622C256E0100BC77DB /* PBXContainerItemProxy */ = {
			isa = PBXContainerItemProxy;
			containerPortal = 7B909D392C256E0000BC77DB /* Project object */;
			proxyType = 1;
			remoteGlobalIDString = 7B909D402C256E0000BC77DB;
			remoteInfo = PetApp;
		};
/* End PBXContainerItemProxy section */

/* Begin PBXFileReference section */
		7B909D412C256E0000BC77DB /* PetApp.app */ = {isa = PBXFileReference; explicitFileType = wrapper.application; includeInIndex = 0; path = PetApp.app; sourceTree = BUILT_PRODUCTS_DIR; };
		7B909D442C256E0000BC77DB /* AppDelegate.swift */ = {isa = PBXFileReference; lastKnownFileType = sourcecode.swift; path = AppDelegate.swift; sourceTree = "<group>"; };
		7B909D462C256E0000BC77DB /* SceneDelegate.swift */ = {isa = PBXFileReference; lastKnownFileType = sourcecode.swift; path = SceneDelegate.swift; sourceTree = "<group>"; };
		7B909D482C256E0000BC77DB /* PetListView.swift */ = {isa = PBXFileReference; lastKnownFileType = sourcecode.swift; path = PetListView.swift; sourceTree = "<group>"; };
		7B909D4B2C256E0000BC77DB /* Base */ = {isa = PBXFileReference; lastKnownFileType = file.storyboard; name = Base; path = Base.lproj/Main.storyboard; sourceTree = "<group>"; };
		7B909D4D2C256E0100BC77DB /* Assets.xcassets */ = {isa = PBXFileReference; lastKnownFileType = folder.assetcatalog; path = Assets.xcassets; sourceTree = "<group>"; };
		7B909D502C256E0100BC77DB /* Base */ = {isa = PBXFileReference; lastKnownFileType = file.storyboard; name = Base; path = Base.lproj/LaunchScreen.storyboard; sourceTree = "<group>"; };
		7B909D522C256E0100BC77DB /* Info.plist */ = {isa = PBXFileReference; lastKnownFileType = text.plist.xml; path = Info.plist; sourceTree = "<group>"; };
		7B909D572C256E0100BC77DB /* PetAppTests.xctest */ = {isa = PBXFileReference; explicitFileType = wrapper.cfbundle; includeInIndex = 0; path = PetAppTests.xctest; sourceTree = BUILT_PRODUCTS_DIR; };
		7B909D5B2C256E0100BC77DB /* PetAppTests.swift */ = {isa = PBXFileReference; lastKnownFileType = sourcecode.swift; path = PetAppTests.swift; sourceTree = "<group>"; };
		7B909D612C256E0100BC77DB /* PetAppUITests.xctest */ = {isa = PBXFileReference; explicitFileType = wrapper.cfbundle; includeInIndex = 0; path = PetAppUITests.xctest; sourceTree = BUILT_PRODUCTS_DIR; };
		7B909D652C256E0100BC77DB /* PetAppUITests.swift */ = {isa = PBXFileReference; lastKnownFileType = sourcecode.swift; path = PetAppUITests.swift; sourceTree = "<group>"; };
		7B909D672C256E0100BC77DB /* PetAppUITestsLaunchTests.swift */ = {isa = PBXFileReference; lastKnownFileType = sourcecode.swift; path = PetAppUITestsLaunchTests.swift; sourceTree = "<group>"; };
		7B909D752C25868600BC77DB /* PetListTblCell.swift */ = {isa = PBXFileReference; lastKnownFileType = sourcecode.swift; path = PetListTblCell.swift; sourceTree = "<group>"; };
		7B909D762C25868600BC77DB /* PetListTblCell.xib */ = {isa = PBXFileReference; lastKnownFileType = file.xib; path = PetListTblCell.xib; sourceTree = "<group>"; };
		7B909D7A2C2597F600BC77DB /* BreedDetailVC.swift */ = {isa = PBXFileReference; lastKnownFileType = sourcecode.swift; path = BreedDetailVC.swift; sourceTree = "<group>"; };
		7B909D7C2C25C41C00BC77DB /* BreedWiseTblViewCell.swift */ = {isa = PBXFileReference; lastKnownFileType = sourcecode.swift; path = BreedWiseTblViewCell.swift; sourceTree = "<group>"; };
		7B909D7D2C25C41C00BC77DB /* BreedWiseTblViewCell.xib */ = {isa = PBXFileReference; lastKnownFileType = file.xib; path = BreedWiseTblViewCell.xib; sourceTree = "<group>"; };
		7B909D802C26C51600BC77DB /* LikedPetsVC.swift */ = {isa = PBXFileReference; lastKnownFileType = sourcecode.swift; path = LikedPetsVC.swift; sourceTree = "<group>"; };
		7B909D822C26C54B00BC77DB /* BaseVC.swift */ = {isa = PBXFileReference; lastKnownFileType = sourcecode.swift; path = BaseVC.swift; sourceTree = "<group>"; };
		7B909D862C27868A00BC77DB /* HttpUtils.swift */ = {isa = PBXFileReference; lastKnownFileType = sourcecode.swift; path = HttpUtils.swift; sourceTree = "<group>"; };
		7B909D882C27935F00BC77DB /* BreedListModel.swift */ = {isa = PBXFileReference; lastKnownFileType = sourcecode.swift; path = BreedListModel.swift; sourceTree = "<group>"; };
		7B909D8B2C28389800BC77DB /* ApiConstant.swift */ = {isa = PBXFileReference; lastKnownFileType = sourcecode.swift; path = ApiConstant.swift; sourceTree = "<group>"; };
		7B909D8D2C28437E00BC77DB /* PerticularBreedModel.swift */ = {isa = PBXFileReference; lastKnownFileType = sourcecode.swift; path = PerticularBreedModel.swift; sourceTree = "<group>"; };
		7B909D8F2C2844F800BC77DB /* LikedModel.swift */ = {isa = PBXFileReference; lastKnownFileType = sourcecode.swift; path = LikedModel.swift; sourceTree = "<group>"; };
		7B909D912C2845CD00BC77DB /* LikedPet.swift */ = {isa = PBXFileReference; lastKnownFileType = sourcecode.swift; path = LikedPet.swift; sourceTree = "<group>"; };
/* End PBXFileReference section */

/* Begin PBXFrameworksBuildPhase section */
		7B909D3E2C256E0000BC77DB /* Frameworks */ = {
			isa = PBXFrameworksBuildPhase;
			buildActionMask = 2147483647;
			files = (
			);
			runOnlyForDeploymentPostprocessing = 0;
		};
		7B909D542C256E0100BC77DB /* Frameworks */ = {
			isa = PBXFrameworksBuildPhase;
			buildActionMask = 2147483647;
			files = (
			);
			runOnlyForDeploymentPostprocessing = 0;
		};
		7B909D5E2C256E0100BC77DB /* Frameworks */ = {
			isa = PBXFrameworksBuildPhase;
			buildActionMask = 2147483647;
			files = (
			);
			runOnlyForDeploymentPostprocessing = 0;
		};
/* End PBXFrameworksBuildPhase section */

/* Begin PBXGroup section */
		7B909D382C256E0000BC77DB = {
			isa = PBXGroup;
			children = (
				7B909D432C256E0000BC77DB /* PetApp */,
				7B909D5A2C256E0100BC77DB /* PetAppTests */,
				7B909D642C256E0100BC77DB /* PetAppUITests */,
				7B909D422C256E0000BC77DB /* Products */,
			);
			sourceTree = "<group>";
		};
		7B909D422C256E0000BC77DB /* Products */ = {
			isa = PBXGroup;
			children = (
				7B909D412C256E0000BC77DB /* PetApp.app */,
				7B909D572C256E0100BC77DB /* PetAppTests.xctest */,
				7B909D612C256E0100BC77DB /* PetAppUITests.xctest */,
			);
			name = Products;
			sourceTree = "<group>";
		};
		7B909D432C256E0000BC77DB /* PetApp */ = {
			isa = PBXGroup;
			children = (
				7B909D852C27866500BC77DB /* Network */,
				7B909D842C27831C00BC77DB /* Model */,
				7B909D792C2597AA00BC77DB /* Controller */,
				7B909D742C2585F700BC77DB /* View */,
				7B909D442C256E0000BC77DB /* AppDelegate.swift */,
				7B909D462C256E0000BC77DB /* SceneDelegate.swift */,
				7B909D4A2C256E0000BC77DB /* Main.storyboard */,
				7B909D4D2C256E0100BC77DB /* Assets.xcassets */,
				7B909D4F2C256E0100BC77DB /* LaunchScreen.storyboard */,
				7B909D522C256E0100BC77DB /* Info.plist */,
			);
			path = PetApp;
			sourceTree = "<group>";
		};
		7B909D5A2C256E0100BC77DB /* PetAppTests */ = {
			isa = PBXGroup;
			children = (
				7B909D5B2C256E0100BC77DB /* PetAppTests.swift */,
			);
			path = PetAppTests;
			sourceTree = "<group>";
		};
		7B909D642C256E0100BC77DB /* PetAppUITests */ = {
			isa = PBXGroup;
			children = (
				7B909D652C256E0100BC77DB /* PetAppUITests.swift */,
				7B909D672C256E0100BC77DB /* PetAppUITestsLaunchTests.swift */,
			);
			path = PetAppUITests;
			sourceTree = "<group>";
		};
		7B909D742C2585F700BC77DB /* View */ = {
			isa = PBXGroup;
			children = (
				7B909D752C25868600BC77DB /* PetListTblCell.swift */,
				7B909D762C25868600BC77DB /* PetListTblCell.xib */,
				7B909D7C2C25C41C00BC77DB /* BreedWiseTblViewCell.swift */,
				7B909D7D2C25C41C00BC77DB /* BreedWiseTblViewCell.xib */,
			);
			path = View;
			sourceTree = "<group>";
		};
		7B909D792C2597AA00BC77DB /* Controller */ = {
			isa = PBXGroup;
			children = (
				7B909D482C256E0000BC77DB /* PetListView.swift */,
				7B909D7A2C2597F600BC77DB /* BreedDetailVC.swift */,
				7B909D802C26C51600BC77DB /* LikedPetsVC.swift */,
				7B909D822C26C54B00BC77DB /* BaseVC.swift */,
			);
			path = Controller;
			sourceTree = "<group>";
		};
		7B909D842C27831C00BC77DB /* Model */ = {
			isa = PBXGroup;
			children = (
				7B909D882C27935F00BC77DB /* BreedListModel.swift */,
				7B909D8D2C28437E00BC77DB /* PerticularBreedModel.swift */,
				7B909D8F2C2844F800BC77DB /* LikedModel.swift */,
				7B909D912C2845CD00BC77DB /* LikedPet.swift */,
			);
			path = Model;
			sourceTree = "<group>";
		};
		7B909D852C27866500BC77DB /* Network */ = {
			isa = PBXGroup;
			children = (
				7B909D862C27868A00BC77DB /* HttpUtils.swift */,
				7B909D8B2C28389800BC77DB /* ApiConstant.swift */,
			);
			path = Network;
			sourceTree = "<group>";
		};
/* End PBXGroup section */

/* Begin PBXNativeTarget section */
		7B909D402C256E0000BC77DB /* PetApp */ = {
			isa = PBXNativeTarget;
			buildConfigurationList = 7B909D6B2C256E0100BC77DB /* Build configuration list for PBXNativeTarget "PetApp" */;
			buildPhases = (
				7B909D3D2C256E0000BC77DB /* Sources */,
				7B909D3E2C256E0000BC77DB /* Frameworks */,
				7B909D3F2C256E0000BC77DB /* Resources */,
			);
			buildRules = (
			);
			dependencies = (
			);
			name = PetApp;
			productName = PetApp;
			productReference = 7B909D412C256E0000BC77DB /* PetApp.app */;
			productType = "com.apple.product-type.application";
		};
		7B909D562C256E0100BC77DB /* PetAppTests */ = {
			isa = PBXNativeTarget;
			buildConfigurationList = 7B909D6E2C256E0100BC77DB /* Build configuration list for PBXNativeTarget "PetAppTests" */;
			buildPhases = (
				7B909D532C256E0100BC77DB /* Sources */,
				7B909D542C256E0100BC77DB /* Frameworks */,
				7B909D552C256E0100BC77DB /* Resources */,
			);
			buildRules = (
			);
			dependencies = (
				7B909D592C256E0100BC77DB /* PBXTargetDependency */,
			);
			name = PetAppTests;
			productName = PetAppTests;
			productReference = 7B909D572C256E0100BC77DB /* PetAppTests.xctest */;
			productType = "com.apple.product-type.bundle.unit-test";
		};
		7B909D602C256E0100BC77DB /* PetAppUITests */ = {
			isa = PBXNativeTarget;
			buildConfigurationList = 7B909D712C256E0100BC77DB /* Build configuration list for PBXNativeTarget "PetAppUITests" */;
			buildPhases = (
				7B909D5D2C256E0100BC77DB /* Sources */,
				7B909D5E2C256E0100BC77DB /* Frameworks */,
				7B909D5F2C256E0100BC77DB /* Resources */,
			);
			buildRules = (
			);
			dependencies = (
				7B909D632C256E0100BC77DB /* PBXTargetDependency */,
			);
			name = PetAppUITests;
			productName = PetAppUITests;
			productReference = 7B909D612C256E0100BC77DB /* PetAppUITests.xctest */;
			productType = "com.apple.product-type.bundle.ui-testing";
		};
/* End PBXNativeTarget section */

/* Begin PBXProject section */
		7B909D392C256E0000BC77DB /* Project object */ = {
			isa = PBXProject;
			attributes = {
				BuildIndependentTargetsInParallel = 1;
				LastSwiftUpdateCheck = 1530;
				LastUpgradeCheck = 1530;
				TargetAttributes = {
					7B909D402C256E0000BC77DB = {
						CreatedOnToolsVersion = 15.3;
					};
					7B909D562C256E0100BC77DB = {
						CreatedOnToolsVersion = 15.3;
						TestTargetID = 7B909D402C256E0000BC77DB;
					};
					7B909D602C256E0100BC77DB = {
						CreatedOnToolsVersion = 15.3;
						TestTargetID = 7B909D402C256E0000BC77DB;
					};
				};
			};
			buildConfigurationList = 7B909D3C2C256E0000BC77DB /* Build configuration list for PBXProject "PetApp" */;
			compatibilityVersion = "Xcode 14.0";
			developmentRegion = en;
			hasScannedForEncodings = 0;
			knownRegions = (
				en,
				Base,
			);
			mainGroup = 7B909D382C256E0000BC77DB;
			productRefGroup = 7B909D422C256E0000BC77DB /* Products */;
			projectDirPath = "";
			projectRoot = "";
			targets = (
				7B909D402C256E0000BC77DB /* PetApp */,
				7B909D562C256E0100BC77DB /* PetAppTests */,
				7B909D602C256E0100BC77DB /* PetAppUITests */,
			);
		};
/* End PBXProject section */

/* Begin PBXResourcesBuildPhase section */
		7B909D3F2C256E0000BC77DB /* Resources */ = {
			isa = PBXResourcesBuildPhase;
			buildActionMask = 2147483647;
			files = (
				7B909D4E2C256E0100BC77DB /* Assets.xcassets in Resources */,
				7B909D512C256E0100BC77DB /* Base in Resources */,
				7B909D7E2C25C41C00BC77DB /* BreedWiseTblViewCell.xib in Resources */,
				7B909D772C25868600BC77DB /* PetListTblCell.xib in Resources */,
				7B909D4C2C256E0000BC77DB /* Base in Resources */,
			);
			runOnlyForDeploymentPostprocessing = 0;
		};
		7B909D552C256E0100BC77DB /* Resources */ = {
			isa = PBXResourcesBuildPhase;
			buildActionMask = 2147483647;
			files = (
			);
			runOnlyForDeploymentPostprocessing = 0;
		};
		7B909D5F2C256E0100BC77DB /* Resources */ = {
			isa = PBXResourcesBuildPhase;
			buildActionMask = 2147483647;
			files = (
			);
			runOnlyForDeploymentPostprocessing = 0;
		};
/* End PBXResourcesBuildPhase section */

/* Begin PBXSourcesBuildPhase section */
		7B909D3D2C256E0000BC77DB /* Sources */ = {
			isa = PBXSourcesBuildPhase;
			buildActionMask = 2147483647;
			files = (
				7B909D492C256E0000BC77DB /* PetListView.swift in Sources */,
				7B909D812C26C51600BC77DB /* LikedPetsVC.swift in Sources */,
				7B909D872C27868B00BC77DB /* HttpUtils.swift in Sources */,
				7B909D452C256E0000BC77DB /* AppDelegate.swift in Sources */,
				7B909D892C27935F00BC77DB /* BreedListModel.swift in Sources */,
				7B909D832C26C54B00BC77DB /* BaseVC.swift in Sources */,
				7B909D782C25868600BC77DB /* PetListTblCell.swift in Sources */,
				7B909D922C2845CD00BC77DB /* LikedPet.swift in Sources */,
				7B909D7B2C2597F600BC77DB /* BreedDetailVC.swift in Sources */,
				7B909D7F2C25C41C00BC77DB /* BreedWiseTblViewCell.swift in Sources */,
				7B909D902C2844F800BC77DB /* LikedModel.swift in Sources */,
				7B909D472C256E0000BC77DB /* SceneDelegate.swift in Sources */,
				7B909D8C2C28389800BC77DB /* ApiConstant.swift in Sources */,
				7B909D8E2C28437E00BC77DB /* PerticularBreedModel.swift in Sources */,
			);
			runOnlyForDeploymentPostprocessing = 0;
		};
		7B909D532C256E0100BC77DB /* Sources */ = {
			isa = PBXSourcesBuildPhase;
			buildActionMask = 2147483647;
			files = (
				7B909D5C2C256E0100BC77DB /* PetAppTests.swift in Sources */,
			);
			runOnlyForDeploymentPostprocessing = 0;
		};
		7B909D5D2C256E0100BC77DB /* Sources */ = {
			isa = PBXSourcesBuildPhase;
			buildActionMask = 2147483647;
			files = (
				7B909D682C256E0100BC77DB /* PetAppUITestsLaunchTests.swift in Sources */,
				7B909D662C256E0100BC77DB /* PetAppUITests.swift in Sources */,
			);
			runOnlyForDeploymentPostprocessing = 0;
		};
/* End PBXSourcesBuildPhase section */

/* Begin PBXTargetDependency section */
		7B909D592C256E0100BC77DB /* PBXTargetDependency */ = {
			isa = PBXTargetDependency;
			target = 7B909D402C256E0000BC77DB /* PetApp */;
			targetProxy = 7B909D582C256E0100BC77DB /* PBXContainerItemProxy */;
		};
		7B909D632C256E0100BC77DB /* PBXTargetDependency */ = {
			isa = PBXTargetDependency;
			target = 7B909D402C256E0000BC77DB /* PetApp */;
			targetProxy = 7B909D622C256E0100BC77DB /* PBXContainerItemProxy */;
		};
/* End PBXTargetDependency section */

/* Begin PBXVariantGroup section */
		7B909D4A2C256E0000BC77DB /* Main.storyboard */ = {
			isa = PBXVariantGroup;
			children = (
				7B909D4B2C256E0000BC77DB /* Base */,
			);
			name = Main.storyboard;
			sourceTree = "<group>";
		};
		7B909D4F2C256E0100BC77DB /* LaunchScreen.storyboard */ = {
			isa = PBXVariantGroup;
			children = (
				7B909D502C256E0100BC77DB /* Base */,
			);
			name = LaunchScreen.storyboard;
			sourceTree = "<group>";
		};
/* End PBXVariantGroup section */

/* Begin XCBuildConfiguration section */
		7B909D692C256E0100BC77DB /* Debug */ = {
			isa = XCBuildConfiguration;
			buildSettings = {
				ALWAYS_SEARCH_USER_PATHS = NO;
				ASSETCATALOG_COMPILER_GENERATE_SWIFT_ASSET_SYMBOL_EXTENSIONS = YES;
				CLANG_ANALYZER_NONNULL = YES;
				CLANG_ANALYZER_NUMBER_OBJECT_CONVERSION = YES_AGGRESSIVE;
				CLANG_CXX_LANGUAGE_STANDARD = "gnu++20";
				CLANG_ENABLE_MODULES = YES;
				CLANG_ENABLE_OBJC_ARC = YES;
				CLANG_ENABLE_OBJC_WEAK = YES;
				CLANG_WARN_BLOCK_CAPTURE_AUTORELEASING = YES;
				CLANG_WARN_BOOL_CONVERSION = YES;
				CLANG_WARN_COMMA = YES;
				CLANG_WARN_CONSTANT_CONVERSION = YES;
				CLANG_WARN_DEPRECATED_OBJC_IMPLEMENTATIONS = YES;
				CLANG_WARN_DIRECT_OBJC_ISA_USAGE = YES_ERROR;
				CLANG_WARN_DOCUMENTATION_COMMENTS = YES;
				CLANG_WARN_EMPTY_BODY = YES;
				CLANG_WARN_ENUM_CONVERSION = YES;
				CLANG_WARN_INFINITE_RECURSION = YES;
				CLANG_WARN_INT_CONVERSION = YES;
				CLANG_WARN_NON_LITERAL_NULL_CONVERSION = YES;
				CLANG_WARN_OBJC_IMPLICIT_RETAIN_SELF = YES;
				CLANG_WARN_OBJC_LITERAL_CONVERSION = YES;
				CLANG_WARN_OBJC_ROOT_CLASS = YES_ERROR;
				CLANG_WARN_QUOTED_INCLUDE_IN_FRAMEWORK_HEADER = YES;
				CLANG_WARN_RANGE_LOOP_ANALYSIS = YES;
				CLANG_WARN_STRICT_PROTOTYPES = YES;
				CLANG_WARN_SUSPICIOUS_MOVE = YES;
				CLANG_WARN_UNGUARDED_AVAILABILITY = YES_AGGRESSIVE;
				CLANG_WARN_UNREACHABLE_CODE = YES;
				CLANG_WARN__DUPLICATE_METHOD_MATCH = YES;
				COPY_PHASE_STRIP = NO;
				DEBUG_INFORMATION_FORMAT = dwarf;
				ENABLE_STRICT_OBJC_MSGSEND = YES;
				ENABLE_TESTABILITY = YES;
				ENABLE_USER_SCRIPT_SANDBOXING = YES;
				GCC_C_LANGUAGE_STANDARD = gnu17;
				GCC_DYNAMIC_NO_PIC = NO;
				GCC_NO_COMMON_BLOCKS = YES;
				GCC_OPTIMIZATION_LEVEL = 0;
				GCC_PREPROCESSOR_DEFINITIONS = (
					"DEBUG=1",
					"$(inherited)",
				);
				GCC_WARN_64_TO_32_BIT_CONVERSION = YES;
				GCC_WARN_ABOUT_RETURN_TYPE = YES_ERROR;
				GCC_WARN_UNDECLARED_SELECTOR = YES;
				GCC_WARN_UNINITIALIZED_AUTOS = YES_AGGRESSIVE;
				GCC_WARN_UNUSED_FUNCTION = YES;
				GCC_WARN_UNUSED_VARIABLE = YES;
				IPHONEOS_DEPLOYMENT_TARGET = 17.4;
				LOCALIZATION_PREFERS_STRING_CATALOGS = YES;
				MTL_ENABLE_DEBUG_INFO = INCLUDE_SOURCE;
				MTL_FAST_MATH = YES;
				ONLY_ACTIVE_ARCH = YES;
				SDKROOT = iphoneos;
				SWIFT_ACTIVE_COMPILATION_CONDITIONS = "DEBUG $(inherited)";
				SWIFT_OPTIMIZATION_LEVEL = "-Onone";
			};
			name = Debug;
		};
		7B909D6A2C256E0100BC77DB /* Release */ = {
			isa = XCBuildConfiguration;
			buildSettings = {
				ALWAYS_SEARCH_USER_PATHS = NO;
				ASSETCATALOG_COMPILER_GENERATE_SWIFT_ASSET_SYMBOL_EXTENSIONS = YES;
				CLANG_ANALYZER_NONNULL = YES;
				CLANG_ANALYZER_NUMBER_OBJECT_CONVERSION = YES_AGGRESSIVE;
				CLANG_CXX_LANGUAGE_STANDARD = "gnu++20";
				CLANG_ENABLE_MODULES = YES;
				CLANG_ENABLE_OBJC_ARC = YES;
				CLANG_ENABLE_OBJC_WEAK = YES;
				CLANG_WARN_BLOCK_CAPTURE_AUTORELEASING = YES;
				CLANG_WARN_BOOL_CONVERSION = YES;
				CLANG_WARN_COMMA = YES;
				CLANG_WARN_CONSTANT_CONVERSION = YES;
				CLANG_WARN_DEPRECATED_OBJC_IMPLEMENTATIONS = YES;
				CLANG_WARN_DIRECT_OBJC_ISA_USAGE = YES_ERROR;
				CLANG_WARN_DOCUMENTATION_COMMENTS = YES;
				CLANG_WARN_EMPTY_BODY = YES;
				CLANG_WARN_ENUM_CONVERSION = YES;
				CLANG_WARN_INFINITE_RECURSION = YES;
				CLANG_WARN_INT_CONVERSION = YES;
				CLANG_WARN_NON_LITERAL_NULL_CONVERSION = YES;
				CLANG_WARN_OBJC_IMPLICIT_RETAIN_SELF = YES;
				CLANG_WARN_OBJC_LITERAL_CONVERSION = YES;
				CLANG_WARN_OBJC_ROOT_CLASS = YES_ERROR;
				CLANG_WARN_QUOTED_INCLUDE_IN_FRAMEWORK_HEADER = YES;
				CLANG_WARN_RANGE_LOOP_ANALYSIS = YES;
				CLANG_WARN_STRICT_PROTOTYPES = YES;
				CLANG_WARN_SUSPICIOUS_MOVE = YES;
				CLANG_WARN_UNGUARDED_AVAILABILITY = YES_AGGRESSIVE;
				CLANG_WARN_UNREACHABLE_CODE = YES;
				CLANG_WARN__DUPLICATE_METHOD_MATCH = YES;
				COPY_PHASE_STRIP = NO;
				DEBUG_INFORMATION_FORMAT = "dwarf-with-dsym";
				ENABLE_NS_ASSERTIONS = NO;
				ENABLE_STRICT_OBJC_MSGSEND = YES;
				ENABLE_USER_SCRIPT_SANDBOXING = YES;
				GCC_C_LANGUAGE_STANDARD = gnu17;
				GCC_NO_COMMON_BLOCKS = YES;
				GCC_WARN_64_TO_32_BIT_CONVERSION = YES;
				GCC_WARN_ABOUT_RETURN_TYPE = YES_ERROR;
				GCC_WARN_UNDECLARED_SELECTOR = YES;
				GCC_WARN_UNINITIALIZED_AUTOS = YES_AGGRESSIVE;
				GCC_WARN_UNUSED_FUNCTION = YES;
				GCC_WARN_UNUSED_VARIABLE = YES;
				IPHONEOS_DEPLOYMENT_TARGET = 17.4;
				LOCALIZATION_PREFERS_STRING_CATALOGS = YES;
				MTL_ENABLE_DEBUG_INFO = NO;
				MTL_FAST_MATH = YES;
				SDKROOT = iphoneos;
				SWIFT_COMPILATION_MODE = wholemodule;
				VALIDATE_PRODUCT = YES;
			};
			name = Release;
		};
		7B909D6C2C256E0100BC77DB /* Debug */ = {
			isa = XCBuildConfiguration;
			buildSettings = {
				ASSETCATALOG_COMPILER_APPICON_NAME = AppIcon;
				ASSETCATALOG_COMPILER_GLOBAL_ACCENT_COLOR_NAME = AccentColor;
				CODE_SIGN_STYLE = Automatic;
				CURRENT_PROJECT_VERSION = 1;
				DEVELOPMENT_TEAM = 57U265HW76;
				GENERATE_INFOPLIST_FILE = YES;
				INFOPLIST_FILE = PetApp/Info.plist;
				INFOPLIST_KEY_UIApplicationSupportsIndirectInputEvents = YES;
				INFOPLIST_KEY_UILaunchStoryboardName = LaunchScreen;
				INFOPLIST_KEY_UIMainStoryboardFile = Main;
				INFOPLIST_KEY_UISupportedInterfaceOrientations_iPad = "UIInterfaceOrientationPortrait UIInterfaceOrientationPortraitUpsideDown UIInterfaceOrientationLandscapeLeft UIInterfaceOrientationLandscapeRight";
				INFOPLIST_KEY_UISupportedInterfaceOrientations_iPhone = "UIInterfaceOrientationPortrait UIInterfaceOrientationLandscapeLeft UIInterfaceOrientationLandscapeRight";
				LD_RUNPATH_SEARCH_PATHS = (
					"$(inherited)",
					"@executable_path/Frameworks",
				);
				MARKETING_VERSION = 1.0;
				PRODUCT_BUNDLE_IDENTIFIER = com.umang.PetApp;
				PRODUCT_NAME = "$(TARGET_NAME)";
				SWIFT_EMIT_LOC_STRINGS = YES;
				SWIFT_VERSION = 5.0;
				TARGETED_DEVICE_FAMILY = "1,2";
			};
			name = Debug;
		};
		7B909D6D2C256E0100BC77DB /* Release */ = {
			isa = XCBuildConfiguration;
			buildSettings = {
				ASSETCATALOG_COMPILER_APPICON_NAME = AppIcon;
				ASSETCATALOG_COMPILER_GLOBAL_ACCENT_COLOR_NAME = AccentColor;
				CODE_SIGN_STYLE = Automatic;
				CURRENT_PROJECT_VERSION = 1;
				DEVELOPMENT_TEAM = 57U265HW76;
				GENERATE_INFOPLIST_FILE = YES;
				INFOPLIST_FILE = PetApp/Info.plist;
				INFOPLIST_KEY_UIApplicationSupportsIndirectInputEvents = YES;
				INFOPLIST_KEY_UILaunchStoryboardName = LaunchScreen;
				INFOPLIST_KEY_UIMainStoryboardFile = Main;
				INFOPLIST_KEY_UISupportedInterfaceOrientations_iPad = "UIInterfaceOrientationPortrait UIInterfaceOrientationPortraitUpsideDown UIInterfaceOrientationLandscapeLeft UIInterfaceOrientationLandscapeRight";
				INFOPLIST_KEY_UISupportedInterfaceOrientations_iPhone = "UIInterfaceOrientationPortrait UIInterfaceOrientationLandscapeLeft UIInterfaceOrientationLandscapeRight";
				LD_RUNPATH_SEARCH_PATHS = (
					"$(inherited)",
					"@executable_path/Frameworks",
				);
				MARKETING_VERSION = 1.0;
				PRODUCT_BUNDLE_IDENTIFIER = com.umang.PetApp;
				PRODUCT_NAME = "$(TARGET_NAME)";
				SWIFT_EMIT_LOC_STRINGS = YES;
				SWIFT_VERSION = 5.0;
				TARGETED_DEVICE_FAMILY = "1,2";
			};
			name = Release;
		};
		7B909D6F2C256E0100BC77DB /* Debug */ = {
			isa = XCBuildConfiguration;
			buildSettings = {
				ALWAYS_EMBED_SWIFT_STANDARD_LIBRARIES = YES;
				BUNDLE_LOADER = "$(TEST_HOST)";
				CODE_SIGN_STYLE = Automatic;
				CURRENT_PROJECT_VERSION = 1;
				DEVELOPMENT_TEAM = 57U265HW76;
				GENERATE_INFOPLIST_FILE = YES;
				IPHONEOS_DEPLOYMENT_TARGET = 17.4;
				MARKETING_VERSION = 1.0;
				PRODUCT_BUNDLE_IDENTIFIER = com.umang.PetAppTests;
				PRODUCT_NAME = "$(TARGET_NAME)";
				SWIFT_EMIT_LOC_STRINGS = NO;
				SWIFT_VERSION = 5.0;
				TARGETED_DEVICE_FAMILY = "1,2";
				TEST_HOST = "$(BUILT_PRODUCTS_DIR)/PetApp.app/$(BUNDLE_EXECUTABLE_FOLDER_PATH)/PetApp";
			};
			name = Debug;
		};
		7B909D702C256E0100BC77DB /* Release */ = {
			isa = XCBuildConfiguration;
			buildSettings = {
				ALWAYS_EMBED_SWIFT_STANDARD_LIBRARIES = YES;
				BUNDLE_LOADER = "$(TEST_HOST)";
				CODE_SIGN_STYLE = Automatic;
				CURRENT_PROJECT_VERSION = 1;
				DEVELOPMENT_TEAM = 57U265HW76;
				GENERATE_INFOPLIST_FILE = YES;
				IPHONEOS_DEPLOYMENT_TARGET = 17.4;
				MARKETING_VERSION = 1.0;
				PRODUCT_BUNDLE_IDENTIFIER = com.umang.PetAppTests;
				PRODUCT_NAME = "$(TARGET_NAME)";
				SWIFT_EMIT_LOC_STRINGS = NO;
				SWIFT_VERSION = 5.0;
				TARGETED_DEVICE_FAMILY = "1,2";
				TEST_HOST = "$(BUILT_PRODUCTS_DIR)/PetApp.app/$(BUNDLE_EXECUTABLE_FOLDER_PATH)/PetApp";
			};
			name = Release;
		};
		7B909D722C256E0100BC77DB /* Debug */ = {
			isa = XCBuildConfiguration;
			buildSettings = {
				ALWAYS_EMBED_SWIFT_STANDARD_LIBRARIES = YES;
				CODE_SIGN_STYLE = Automatic;
				CURRENT_PROJECT_VERSION = 1;
				DEVELOPMENT_TEAM = 57U265HW76;
				GENERATE_INFOPLIST_FILE = YES;
				MARKETING_VERSION = 1.0;
				PRODUCT_BUNDLE_IDENTIFIER = com.umang.PetAppUITests;
				PRODUCT_NAME = "$(TARGET_NAME)";
				SWIFT_EMIT_LOC_STRINGS = NO;
				SWIFT_VERSION = 5.0;
				TARGETED_DEVICE_FAMILY = "1,2";
				TEST_TARGET_NAME = PetApp;
			};
			name = Debug;
		};
		7B909D732C256E0100BC77DB /* Release */ = {
			isa = XCBuildConfiguration;
			buildSettings = {
				ALWAYS_EMBED_SWIFT_STANDARD_LIBRARIES = YES;
				CODE_SIGN_STYLE = Automatic;
				CURRENT_PROJECT_VERSION = 1;
				DEVELOPMENT_TEAM = 57U265HW76;
				GENERATE_INFOPLIST_FILE = YES;
				MARKETING_VERSION = 1.0;
				PRODUCT_BUNDLE_IDENTIFIER = com.umang.PetAppUITests;
				PRODUCT_NAME = "$(TARGET_NAME)";
				SWIFT_EMIT_LOC_STRINGS = NO;
				SWIFT_VERSION = 5.0;
				TARGETED_DEVICE_FAMILY = "1,2";
				TEST_TARGET_NAME = PetApp;
			};
			name = Release;
		};
/* End XCBuildConfiguration section */

/* Begin XCConfigurationList section */
		7B909D3C2C256E0000BC77DB /* Build configuration list for PBXProject "PetApp" */ = {
			isa = XCConfigurationList;
			buildConfigurations = (
				7B909D692C256E0100BC77DB /* Debug */,
				7B909D6A2C256E0100BC77DB /* Release */,
			);
			defaultConfigurationIsVisible = 0;
			defaultConfigurationName = Release;
		};
		7B909D6B2C256E0100BC77DB /* Build configuration list for PBXNativeTarget "PetApp" */ = {
			isa = XCConfigurationList;
			buildConfigurations = (
				7B909D6C2C256E0100BC77DB /* Debug */,
				7B909D6D2C256E0100BC77DB /* Release */,
			);
			defaultConfigurationIsVisible = 0;
			defaultConfigurationName = Release;
		};
		7B909D6E2C256E0100BC77DB /* Build configuration list for PBXNativeTarget "PetAppTests" */ = {
			isa = XCConfigurationList;
			buildConfigurations = (
				7B909D6F2C256E0100BC77DB /* Debug */,
				7B909D702C256E0100BC77DB /* Release */,
			);
			defaultConfigurationIsVisible = 0;
			defaultConfigurationName = Release;
		};
		7B909D712C256E0100BC77DB /* Build configuration list for PBXNativeTarget "PetAppUITests" */ = {
			isa = XCConfigurationList;
			buildConfigurations = (
				7B909D722C256E0100BC77DB /* Debug */,
				7B909D732C256E0100BC77DB /* Release */,
			);
			defaultConfigurationIsVisible = 0;
			defaultConfigurationName = Release;
		};
/* End XCConfigurationList section */
	};
	rootObject = 7B909D392C256E0000BC77DB /* Project object */;
}
